// !$*UTF8*$!
{
	archiveVersion = 1;
	classes = {
	};
	objectVersion = 56;
	objects = {

/* Begin PBXBuildFile section */
		2C6D45342B9E40D300C74164 /* VAStarsConfiguration.swift in Sources */ = {isa = PBXBuildFile; fileRef = 2C6D45332B9E40D300C74164 /* VAStarsConfiguration.swift */; };
		2C6D45362B9E411300C74164 /* VASingleStar.swift in Sources */ = {isa = PBXBuildFile; fileRef = 2C6D45352B9E411300C74164 /* VASingleStar.swift */; };
		2C6D45382B9E413F00C74164 /* VAStars.swift in Sources */ = {isa = PBXBuildFile; fileRef = 2C6D45372B9E413F00C74164 /* VAStars.swift */; };
		2C6D453D2B9E41A100C74164 /* MainView.swift in Sources */ = {isa = PBXBuildFile; fileRef = 2C6D453C2B9E41A100C74164 /* MainView.swift */; };
		2CF800C82B9A25300026F163 /* AppDelegate.swift in Sources */ = {isa = PBXBuildFile; fileRef = 2CF800C72B9A25300026F163 /* AppDelegate.swift */; };
		2CF800CA2B9A25300026F163 /* SceneDelegate.swift in Sources */ = {isa = PBXBuildFile; fileRef = 2CF800C92B9A25300026F163 /* SceneDelegate.swift */; };
		2CF800CC2B9A25300026F163 /* ViewController.swift in Sources */ = {isa = PBXBuildFile; fileRef = 2CF800CB2B9A25300026F163 /* ViewController.swift */; };
		2CF800D12B9A25320026F163 /* Assets.xcassets in Resources */ = {isa = PBXBuildFile; fileRef = 2CF800D02B9A25320026F163 /* Assets.xcassets */; };
		2CF800D42B9A25320026F163 /* LaunchScreen.storyboard in Resources */ = {isa = PBXBuildFile; fileRef = 2CF800D22B9A25320026F163 /* LaunchScreen.storyboard */; };
/* End PBXBuildFile section */

/* Begin PBXFileReference section */
		2C6D45332B9E40D300C74164 /* VAStarsConfiguration.swift */ = {isa = PBXFileReference; lastKnownFileType = sourcecode.swift; path = VAStarsConfiguration.swift; sourceTree = "<group>"; };
		2C6D45352B9E411300C74164 /* VASingleStar.swift */ = {isa = PBXFileReference; lastKnownFileType = sourcecode.swift; path = VASingleStar.swift; sourceTree = "<group>"; };
		2C6D45372B9E413F00C74164 /* VAStars.swift */ = {isa = PBXFileReference; lastKnownFileType = sourcecode.swift; path = VAStars.swift; sourceTree = "<group>"; };
		2C6D453C2B9E41A100C74164 /* MainView.swift */ = {isa = PBXFileReference; lastKnownFileType = sourcecode.swift; path = MainView.swift; sourceTree = "<group>"; };
		2CF800C42B9A25300026F163 /* VAStars.app */ = {isa = PBXFileReference; explicitFileType = wrapper.application; includeInIndex = 0; path = VAStars.app; sourceTree = BUILT_PRODUCTS_DIR; };
		2CF800C72B9A25300026F163 /* AppDelegate.swift */ = {isa = PBXFileReference; lastKnownFileType = sourcecode.swift; path = AppDelegate.swift; sourceTree = "<group>"; };
		2CF800C92B9A25300026F163 /* SceneDelegate.swift */ = {isa = PBXFileReference; lastKnownFileType = sourcecode.swift; path = SceneDelegate.swift; sourceTree = "<group>"; };
		2CF800CB2B9A25300026F163 /* ViewController.swift */ = {isa = PBXFileReference; lastKnownFileType = sourcecode.swift; path = ViewController.swift; sourceTree = "<group>"; };
		2CF800D02B9A25320026F163 /* Assets.xcassets */ = {isa = PBXFileReference; lastKnownFileType = folder.assetcatalog; path = Assets.xcassets; sourceTree = "<group>"; };
		2CF800D32B9A25320026F163 /* Base */ = {isa = PBXFileReference; lastKnownFileType = file.storyboard; name = Base; path = Base.lproj/LaunchScreen.storyboard; sourceTree = "<group>"; };
		2CF800D52B9A25320026F163 /* Info.plist */ = {isa = PBXFileReference; lastKnownFileType = text.plist.xml; path = Info.plist; sourceTree = "<group>"; };
/* End PBXFileReference section */

/* Begin PBXFrameworksBuildPhase section */
		2CF800C12B9A25300026F163 /* Frameworks */ = {
			isa = PBXFrameworksBuildPhase;
			buildActionMask = 2147483647;
			files = (
			);
			runOnlyForDeploymentPostprocessing = 0;
		};
/* End PBXFrameworksBuildPhase section */

/* Begin PBXGroup section */
		2C6D45392B9E417B00C74164 /* App */ = {
			isa = PBXGroup;
			children = (
				2CF800C72B9A25300026F163 /* AppDelegate.swift */,
				2CF800C92B9A25300026F163 /* SceneDelegate.swift */,
				2CF800D02B9A25320026F163 /* Assets.xcassets */,
				2CF800D22B9A25320026F163 /* LaunchScreen.storyboard */,
				2CF800D52B9A25320026F163 /* Info.plist */,
			);
			path = App;
			sourceTree = "<group>";
		};
		2C6D453A2B9E418F00C74164 /* MainController */ = {
			isa = PBXGroup;
			children = (
				2C6D453B2B9E419900C74164 /* View */,
				2CF800CB2B9A25300026F163 /* ViewController.swift */,
			);
			path = MainController;
			sourceTree = "<group>";
		};
		2C6D453B2B9E419900C74164 /* View */ = {
			isa = PBXGroup;
			children = (
				2C6D453C2B9E41A100C74164 /* MainView.swift */,
			);
			path = View;
			sourceTree = "<group>";
		};
		2CEE8E732B9A28C600615DA8 /* VAStars */ = {
			isa = PBXGroup;
			children = (
				2C6D45372B9E413F00C74164 /* VAStars.swift */,
				2C6D45352B9E411300C74164 /* VASingleStar.swift */,
				2C6D45332B9E40D300C74164 /* VAStarsConfiguration.swift */,
			);
			path = VAStars;
			sourceTree = "<group>";
		};
		2CF800BB2B9A25300026F163 = {
			isa = PBXGroup;
			children = (
				2CEE8E732B9A28C600615DA8 /* VAStars */,
				2CF800C62B9A25300026F163 /* Template */,
				2CF800C52B9A25300026F163 /* Products */,
			);
			sourceTree = "<group>";
		};
		2CF800C52B9A25300026F163 /* Products */ = {
			isa = PBXGroup;
			children = (
				2CF800C42B9A25300026F163 /* VAStars.app */,
			);
			name = Products;
			sourceTree = "<group>";
		};
		2CF800C62B9A25300026F163 /* Template */ = {
			isa = PBXGroup;
			children = (
				2C6D453A2B9E418F00C74164 /* MainController */,
				2C6D45392B9E417B00C74164 /* App */,
			);
			path = Template;
			sourceTree = "<group>";
		};
/* End PBXGroup section */

/* Begin PBXNativeTarget section */
		2CF800C32B9A25300026F163 /* VAStars */ = {
			isa = PBXNativeTarget;
			buildConfigurationList = 2CF800D82B9A25320026F163 /* Build configuration list for PBXNativeTarget "VAStars" */;
			buildPhases = (
				2CF800C02B9A25300026F163 /* Sources */,
				2CF800C12B9A25300026F163 /* Frameworks */,
				2CF800C22B9A25300026F163 /* Resources */,
			);
			buildRules = (
			);
			dependencies = (
			);
			name = VAStars;
			productName = VAStars;
			productReference = 2CF800C42B9A25300026F163 /* VAStars.app */;
			productType = "com.apple.product-type.application";
		};
/* End PBXNativeTarget section */

/* Begin PBXProject section */
		2CF800BC2B9A25300026F163 /* Project object */ = {
			isa = PBXProject;
			attributes = {
				BuildIndependentTargetsInParallel = 1;
				LastSwiftUpdateCheck = 1520;
				LastUpgradeCheck = 1520;
				TargetAttributes = {
					2CF800C32B9A25300026F163 = {
						CreatedOnToolsVersion = 15.2;
					};
				};
			};
			buildConfigurationList = 2CF800BF2B9A25300026F163 /* Build configuration list for PBXProject "VAStars" */;
			compatibilityVersion = "Xcode 14.0";
			developmentRegion = en;
			hasScannedForEncodings = 0;
			knownRegions = (
				en,
				Base,
			);
			mainGroup = 2CF800BB2B9A25300026F163;
			productRefGroup = 2CF800C52B9A25300026F163 /* Products */;
			projectDirPath = "";
			projectRoot = "";
			targets = (
				2CF800C32B9A25300026F163 /* VAStars */,
			);
		};
/* End PBXProject section */

/* Begin PBXResourcesBuildPhase section */
		2CF800C22B9A25300026F163 /* Resources */ = {
			isa = PBXResourcesBuildPhase;
			buildActionMask = 2147483647;
			files = (
				2CF800D42B9A25320026F163 /* LaunchScreen.storyboard in Resources */,
				2CF800D12B9A25320026F163 /* Assets.xcassets in Resources */,
			);
			runOnlyForDeploymentPostprocessing = 0;
		};
/* End PBXResourcesBuildPhase section */

/* Begin PBXSourcesBuildPhase section */
		2CF800C02B9A25300026F163 /* Sources */ = {
			isa = PBXSourcesBuildPhase;
			buildActionMask = 2147483647;
			files = (
				2CF800CC2B9A25300026F163 /* ViewController.swift in Sources */,
				2C6D453D2B9E41A100C74164 /* MainView.swift in Sources */,
				2C6D45342B9E40D300C74164 /* VAStarsConfiguration.swift in Sources */,
				2CF800C82B9A25300026F163 /* AppDelegate.swift in Sources */,
				2C6D45362B9E411300C74164 /* VASingleStar.swift in Sources */,
				2C6D45382B9E413F00C74164 /* VAStars.swift in Sources */,
				2CF800CA2B9A25300026F163 /* SceneDelegate.swift in Sources */,
			);
			runOnlyForDeploymentPostprocessing = 0;
		};
/* End PBXSourcesBuildPhase section */

/* Begin PBXVariantGroup section */
		2CF800D22B9A25320026F163 /* LaunchScreen.storyboard */ = {
			isa = PBXVariantGroup;
			children = (
				2CF800D32B9A25320026F163 /* Base */,
			);
			name = LaunchScreen.storyboard;
			sourceTree = "<group>";
		};
/* End PBXVariantGroup section */

/* Begin XCBuildConfiguration section */
		2CF800D62B9A25320026F163 /* Debug */ = {
			isa = XCBuildConfiguration;
			buildSettings = {
				ALWAYS_SEARCH_USER_PATHS = NO;
				ASSETCATALOG_COMPILER_GENERATE_SWIFT_ASSET_SYMBOL_EXTENSIONS = YES;
				CLANG_ANALYZER_NONNULL = YES;
				CLANG_ANALYZER_NUMBER_OBJECT_CONVERSION = YES_AGGRESSIVE;
				CLANG_CXX_LANGUAGE_STANDARD = "gnu++20";
				CLANG_ENABLE_MODULES = YES;
				CLANG_ENABLE_OBJC_ARC = YES;
				CLANG_ENABLE_OBJC_WEAK = YES;
				CLANG_WARN_BLOCK_CAPTURE_AUTORELEASING = YES;
				CLANG_WARN_BOOL_CONVERSION = YES;
				CLANG_WARN_COMMA = YES;
				CLANG_WARN_CONSTANT_CONVERSION = YES;
				CLANG_WARN_DEPRECATED_OBJC_IMPLEMENTATIONS = YES;
				CLANG_WARN_DIRECT_OBJC_ISA_USAGE = YES_ERROR;
				CLANG_WARN_DOCUMENTATION_COMMENTS = YES;
				CLANG_WARN_EMPTY_BODY = YES;
				CLANG_WARN_ENUM_CONVERSION = YES;
				CLANG_WARN_INFINITE_RECURSION = YES;
				CLANG_WARN_INT_CONVERSION = YES;
				CLANG_WARN_NON_LITERAL_NULL_CONVERSION = YES;
				CLANG_WARN_OBJC_IMPLICIT_RETAIN_SELF = YES;
				CLANG_WARN_OBJC_LITERAL_CONVERSION = YES;
				CLANG_WARN_OBJC_ROOT_CLASS = YES_ERROR;
				CLANG_WARN_QUOTED_INCLUDE_IN_FRAMEWORK_HEADER = YES;
				CLANG_WARN_RANGE_LOOP_ANALYSIS = YES;
				CLANG_WARN_STRICT_PROTOTYPES = YES;
				CLANG_WARN_SUSPICIOUS_MOVE = YES;
				CLANG_WARN_UNGUARDED_AVAILABILITY = YES_AGGRESSIVE;
				CLANG_WARN_UNREACHABLE_CODE = YES;
				CLANG_WARN__DUPLICATE_METHOD_MATCH = YES;
				COPY_PHASE_STRIP = NO;
				DEBUG_INFORMATION_FORMAT = dwarf;
				ENABLE_STRICT_OBJC_MSGSEND = YES;
				ENABLE_TESTABILITY = YES;
				ENABLE_USER_SCRIPT_SANDBOXING = YES;
				GCC_C_LANGUAGE_STANDARD = gnu17;
				GCC_DYNAMIC_NO_PIC = NO;
				GCC_NO_COMMON_BLOCKS = YES;
				GCC_OPTIMIZATION_LEVEL = 0;
				GCC_PREPROCESSOR_DEFINITIONS = (
					"DEBUG=1",
					"$(inherited)",
				);
				GCC_WARN_64_TO_32_BIT_CONVERSION = YES;
				GCC_WARN_ABOUT_RETURN_TYPE = YES_ERROR;
				GCC_WARN_UNDECLARED_SELECTOR = YES;
				GCC_WARN_UNINITIALIZED_AUTOS = YES_AGGRESSIVE;
				GCC_WARN_UNUSED_FUNCTION = YES;
				GCC_WARN_UNUSED_VARIABLE = YES;
				IPHONEOS_DEPLOYMENT_TARGET = 17.2;
				LOCALIZATION_PREFERS_STRING_CATALOGS = YES;
				MTL_ENABLE_DEBUG_INFO = INCLUDE_SOURCE;
				MTL_FAST_MATH = YES;
				ONLY_ACTIVE_ARCH = YES;
				SDKROOT = iphoneos;
				SWIFT_ACTIVE_COMPILATION_CONDITIONS = "DEBUG $(inherited)";
				SWIFT_OPTIMIZATION_LEVEL = "-Onone";
			};
			name = Debug;
		};
		2CF800D72B9A25320026F163 /* Release */ = {
			isa = XCBuildConfiguration;
			buildSettings = {
				ALWAYS_SEARCH_USER_PATHS = NO;
				ASSETCATALOG_COMPILER_GENERATE_SWIFT_ASSET_SYMBOL_EXTENSIONS = YES;
				CLANG_ANALYZER_NONNULL = YES;
				CLANG_ANALYZER_NUMBER_OBJECT_CONVERSION = YES_AGGRESSIVE;
				CLANG_CXX_LANGUAGE_STANDARD = "gnu++20";
				CLANG_ENABLE_MODULES = YES;
				CLANG_ENABLE_OBJC_ARC = YES;
				CLANG_ENABLE_OBJC_WEAK = YES;
				CLANG_WARN_BLOCK_CAPTURE_AUTORELEASING = YES;
				CLANG_WARN_BOOL_CONVERSION = YES;
				CLANG_WARN_COMMA = YES;
				CLANG_WARN_CONSTANT_CONVERSION = YES;
				CLANG_WARN_DEPRECATED_OBJC_IMPLEMENTATIONS = YES;
				CLANG_WARN_DIRECT_OBJC_ISA_USAGE = YES_ERROR;
				CLANG_WARN_DOCUMENTATION_COMMENTS = YES;
				CLANG_WARN_EMPTY_BODY = YES;
				CLANG_WARN_ENUM_CONVERSION = YES;
				CLANG_WARN_INFINITE_RECURSION = YES;
				CLANG_WARN_INT_CONVERSION = YES;
				CLANG_WARN_NON_LITERAL_NULL_CONVERSION = YES;
				CLANG_WARN_OBJC_IMPLICIT_RETAIN_SELF = YES;
				CLANG_WARN_OBJC_LITERAL_CONVERSION = YES;
				CLANG_WARN_OBJC_ROOT_CLASS = YES_ERROR;
				CLANG_WARN_QUOTED_INCLUDE_IN_FRAMEWORK_HEADER = YES;
				CLANG_WARN_RANGE_LOOP_ANALYSIS = YES;
				CLANG_WARN_STRICT_PROTOTYPES = YES;
				CLANG_WARN_SUSPICIOUS_MOVE = YES;
				CLANG_WARN_UNGUARDED_AVAILABILITY = YES_AGGRESSIVE;
				CLANG_WARN_UNREACHABLE_CODE = YES;
				CLANG_WARN__DUPLICATE_METHOD_MATCH = YES;
				COPY_PHASE_STRIP = NO;
				DEBUG_INFORMATION_FORMAT = "dwarf-with-dsym";
				ENABLE_NS_ASSERTIONS = NO;
				ENABLE_STRICT_OBJC_MSGSEND = YES;
				ENABLE_USER_SCRIPT_SANDBOXING = YES;
				GCC_C_LANGUAGE_STANDARD = gnu17;
				GCC_NO_COMMON_BLOCKS = YES;
				GCC_WARN_64_TO_32_BIT_CONVERSION = YES;
				GCC_WARN_ABOUT_RETURN_TYPE = YES_ERROR;
				GCC_WARN_UNDECLARED_SELECTOR = YES;
				GCC_WARN_UNINITIALIZED_AUTOS = YES_AGGRESSIVE;
				GCC_WARN_UNUSED_FUNCTION = YES;
				GCC_WARN_UNUSED_VARIABLE = YES;
				IPHONEOS_DEPLOYMENT_TARGET = 17.2;
				LOCALIZATION_PREFERS_STRING_CATALOGS = YES;
				MTL_ENABLE_DEBUG_INFO = NO;
				MTL_FAST_MATH = YES;
				SDKROOT = iphoneos;
				SWIFT_COMPILATION_MODE = wholemodule;
				VALIDATE_PRODUCT = YES;
			};
			name = Release;
		};
		2CF800D92B9A25320026F163 /* Debug */ = {
			isa = XCBuildConfiguration;
			buildSettings = {
				ASSETCATALOG_COMPILER_APPICON_NAME = AppIcon;
				ASSETCATALOG_COMPILER_GLOBAL_ACCENT_COLOR_NAME = AccentColor;
				CODE_SIGN_STYLE = Automatic;
				CURRENT_PROJECT_VERSION = 1;
				DEVELOPMENT_TEAM = N422RJM586;
				GENERATE_INFOPLIST_FILE = YES;
				INFOPLIST_FILE = Template/App/Info.plist;
				INFOPLIST_KEY_UIApplicationSupportsIndirectInputEvents = YES;
				INFOPLIST_KEY_UILaunchStoryboardName = LaunchScreen;
				INFOPLIST_KEY_UISupportedInterfaceOrientations_iPad = "UIInterfaceOrientationPortrait UIInterfaceOrientationPortraitUpsideDown UIInterfaceOrientationLandscapeLeft UIInterfaceOrientationLandscapeRight";
				INFOPLIST_KEY_UISupportedInterfaceOrientations_iPhone = "UIInterfaceOrientationPortrait UIInterfaceOrientationLandscapeLeft UIInterfaceOrientationLandscapeRight";
				LD_RUNPATH_SEARCH_PATHS = (
					"$(inherited)",
					"@executable_path/Frameworks",
				);
				MARKETING_VERSION = 1.0;
				PRODUCT_BUNDLE_IDENTIFIER = com.xaker.ink.VAStars;
				PRODUCT_NAME = "$(TARGET_NAME)";
				SWIFT_EMIT_LOC_STRINGS = YES;
				SWIFT_VERSION = 5.0;
				TARGETED_DEVICE_FAMILY = "1,2";
			};
			name = Debug;
		};
		2CF800DA2B9A25320026F163 /* Release */ = {
			isa = XCBuildConfiguration;
			buildSettings = {
				ASSETCATALOG_COMPILER_APPICON_NAME = AppIcon;
				ASSETCATALOG_COMPILER_GLOBAL_ACCENT_COLOR_NAME = AccentColor;
				CODE_SIGN_STYLE = Automatic;
				CURRENT_PROJECT_VERSION = 1;
				DEVELOPMENT_TEAM = N422RJM586;
				GENERATE_INFOPLIST_FILE = YES;
				INFOPLIST_FILE = Template/App/Info.plist;
				INFOPLIST_KEY_UIApplicationSupportsIndirectInputEvents = YES;
				INFOPLIST_KEY_UILaunchStoryboardName = LaunchScreen;
				INFOPLIST_KEY_UISupportedInterfaceOrientations_iPad = "UIInterfaceOrientationPortrait UIInterfaceOrientationPortraitUpsideDown UIInterfaceOrientationLandscapeLeft UIInterfaceOrientationLandscapeRight";
				INFOPLIST_KEY_UISupportedInterfaceOrientations_iPhone = "UIInterfaceOrientationPortrait UIInterfaceOrientationLandscapeLeft UIInterfaceOrientationLandscapeRight";
				LD_RUNPATH_SEARCH_PATHS = (
					"$(inherited)",
					"@executable_path/Frameworks",
				);
				MARKETING_VERSION = 1.0;
				PRODUCT_BUNDLE_IDENTIFIER = com.xaker.ink.VAStars;
				PRODUCT_NAME = "$(TARGET_NAME)";
				SWIFT_EMIT_LOC_STRINGS = YES;
				SWIFT_VERSION = 5.0;
				TARGETED_DEVICE_FAMILY = "1,2";
			};
			name = Release;
		};
/* End XCBuildConfiguration section */

/* Begin XCConfigurationList section */
		2CF800BF2B9A25300026F163 /* Build configuration list for PBXProject "VAStars" */ = {
			isa = XCConfigurationList;
			buildConfigurations = (
				2CF800D62B9A25320026F163 /* Debug */,
				2CF800D72B9A25320026F163 /* Release */,
			);
			defaultConfigurationIsVisible = 0;
			defaultConfigurationName = Release;
		};
		2CF800D82B9A25320026F163 /* Build configuration list for PBXNativeTarget "VAStars" */ = {
			isa = XCConfigurationList;
			buildConfigurations = (
				2CF800D92B9A25320026F163 /* Debug */,
				2CF800DA2B9A25320026F163 /* Release */,
			);
			defaultConfigurationIsVisible = 0;
			defaultConfigurationName = Release;
		};
/* End XCConfigurationList section */
	};
	rootObject = 2CF800BC2B9A25300026F163 /* Project object */;
}
